{
  "name": "x6-plugin-port-editor-examples",
  "version": "0.1.0",
  "lockfileVersion": 3,
  "requires": true,
  "packages": {
    "": {
      "name": "x6-plugin-port-editor-examples",
      "version": "0.1.0",
      "dependencies": {
        "@antv/x6": "^3.1.8",
        "x6-plugin-port-editor": "github:william-xue/x6-plugin-port-editor#v0.1.0"
      }
    },
    "node_modules/@antv/x6": {
      "version": "3.1.8",
      "resolved": "https://registry.npmjs.org/@antv/x6/-/x6-3.1.8.tgz",
      "integrity": "sha512-JVGxBRmjnqDr7W7Ql5XWc6FUtFcy+QlFaV31cv0pHIeVIJmyYnB5rHmdzz93CY5lCS/XcNBtOnNIIq6JVgfZ5w==",
      "license": "MIT",
      "dependencies": {
        "dom-align": "^1.12.4",
        "lodash-es": "^4.17.15",
        "mousetrap": "^1.6.5",
        "utility-types": "^3.10.0"
      },
      "engines": {
        "node": ">=20.0.0"
      }
    },
    "node_modules/dom-align": {
      "version": "1.12.4",
      "resolved": "https://registry.npmjs.org/dom-align/-/dom-align-1.12.4.tgz",
      "integrity": "sha512-R8LUSEay/68zE5c8/3BDxiTEvgb4xZTF0RKmAHfiEVN3klfIpXfi2/QCoiWPccVQ0J/ZGdz9OjzL4uJEP/MRAw==",
      "license": "MIT"
    },
    "node_modules/lodash-es": {
      "version": "4.18.1",
      "resolved": "https://registry.npmjs.org/lodash-es/-/lodash-es-4.18.1.tgz",
      "integrity": "sha512-J8xewKD/Gk22OZbhpOVSwcs60zhd95ESDwezOFuA3/099925PdHJ7OFHNTGtajL3AlZkykD32HykiMo+BIBI8A==",
      "license": "MIT"
    },
    "node_modules/mousetrap": {
      "version": "1.6.5",
      "resolved": "https://registry.npmjs.org/mousetrap/-/mousetrap-1.6.5.tgz",
      "integrity": "sha512-QNo4kEepaIBwiT8CDhP98umTetp+JNfQYBWvC1pc6/OAibuXtRcxZ58Qz8skvEHYvURne/7R8T5VoOI7rDsEUA==",
      "license": "Apache-2.0 WITH LLVM-exception"
    },
    "node_modules/utility-types": {
      "version": "3.11.0",
      "resolved": "https://registry.npmjs.org/utility-types/-/utility-types-3.11.0.tgz",
      "integrity": "sha512-6Z7Ma2aVEWisaL6TvBCy7P8rm2LQoPv6dJ7ecIaIixHcwfbJ0x7mWdbcwlIM5IGQxPZSFYeqRCqlOOeKoJYMkw==",
      "license": "MIT",
      "engines": {
        "node": ">= 4"
      }
    },
    "node_modules/x6-plugin-port-editor": {
      "version": "0.1.0",
      "resolved": "git+ssh://git@github.com/william-xue/x6-plugin-port-editor.git#1db585002b0697c7a5528ecdcba16230dac522e7",
      "license": "MIT",
      "peerDependencies": {
        "@antv/x6": ">=3.0.0"
      }
    }
  }
}
